
Microsoft Visual Studio Solution File, Format Version 12.00
# Visual Studio Version 17
VisualStudioVersion = 17.1.32407.343
MinimumVisualStudioVersion = 10.0.40219.1
Project("{FAE04EC0-301F-11D3-BF4B-00C04F79EFBC}") = "BankEncapsulation", "BankEncapsulation\BankEncapsulation.csproj", "{09FB9FCE-EFFF-4C3D-ABE9-D7A52EB0B396}"
EndProject
Global
	GlobalSection(SolutionConfigurationPlatforms) = preSolution
		Debug|Any CPU = Debug|Any CPU
		Release|Any CPU = Release|Any CPU
	EndGlobalSection
	GlobalSection(ProjectConfigurationPlatforms) = postSolution
		{09FB9FCE-EFFF-4C3D-ABE9-D7A52EB0B396}.Debug|Any CPU.ActiveCfg = Debug|Any CPU
		{09FB9FCE-EFFF-4C3D-ABE9-D7A52EB0B396}.Debug|Any CPU.Build.0 = Debug|Any CPU
		{09FB9FCE-EFFF-4C3D-ABE9-D7A52EB0B396}.Release|Any CPU.ActiveCfg = Release|Any CPU
		{09FB9FCE-EFFF-4C3D-ABE9-D7A52EB0B396}.Release|Any CPU.Build.0 = Release|Any CPU
	EndGlobalSection
	GlobalSection(SolutionProperties) = preSolution
		HideSolutionNode = FALSE
	EndGlobalSection
	GlobalSection(ExtensibilityGlobals) = postSolution
		SolutionGuid = {01F77840-A028-4D00-8088-8BFDF81A5D0D}
	EndGlobalSection
EndGlobal
